
Microsoft Visual Studio Solution File, Format Version 12.00
# Visual Studio 14
VisualStudioVersion = 14.0.25420.1
MinimumVisualStudioVersion = 10.0.40219.1
Project("{FAE04EC0-301F-11D3-BF4B-00C04F79EFBC}") = "LiveStreamAutomation", "LiveStreamAutomation\LiveStreamAutomation.csproj", "{4513BD0F-5687-445F-8EC7-E6F7636BE3BD}"
EndProject
Project("{FAE04EC0-301F-11D3-BF4B-00C04F79EFBC}") = "Client", "Client\Client.csproj", "{06178FED-02CE-475B-A8C8-5DF11EA19279}"
EndProject
Global
	GlobalSection(SolutionConfigurationPlatforms) = preSolution
		Debug|Any CPU = Debug|Any CPU
		Release|Any CPU = Release|Any CPU
	EndGlobalSection
	GlobalSection(ProjectConfigurationPlatforms) = postSolution
		{4513BD0F-5687-445F-8EC7-E6F7636BE3BD}.Debug|Any CPU.ActiveCfg = Debug|Any CPU
		{4513BD0F-5687-445F-8EC7-E6F7636BE3BD}.Debug|Any CPU.Build.0 = Debug|Any CPU
		{4513BD0F-5687-445F-8EC7-E6F7636BE3BD}.Release|Any CPU.ActiveCfg = Release|Any CPU
		{4513BD0F-5687-445F-8EC7-E6F7636BE3BD}.Release|Any CPU.Build.0 = Release|Any CPU
		{06178FED-02CE-475B-A8C8-5DF11EA19279}.Debug|Any CPU.ActiveCfg = Debug|Any CPU
		{06178FED-02CE-475B-A8C8-5DF11EA19279}.Debug|Any CPU.Build.0 = Debug|Any CPU
		{06178FED-02CE-475B-A8C8-5DF11EA19279}.Release|Any CPU.ActiveCfg = Release|Any CPU
		{06178FED-02CE-475B-A8C8-5DF11EA19279}.Release|Any CPU.Build.0 = Release|Any CPU
	EndGlobalSection
	GlobalSection(SolutionProperties) = preSolution
		HideSolutionNode = FALSE
	EndGlobalSection
EndGlobal
